
Microsoft Visual Studio Solution File, Format Version 12.00
# Visual Studio Version 16
VisualStudioVersion = 16.0.29709.97
MinimumVisualStudioVersion = 10.0.40219.1
Project("{9A19103F-16F7-4668-BE54-9A1E7A4F7556}") = "BlogDemo.Api", "BlogDemo.Api\BlogDemo.Api.csproj", "{39331CDD-05E9-4ECD-B4BC-CA3B11772ABA}"
EndProject
Project("{9A19103F-16F7-4668-BE54-9A1E7A4F7556}") = "BlogDemo.Core", "BlogDemo.Core\BlogDemo.Core.csproj", "{82E75881-4387-4626-977C-1569CFD0ECCB}"
EndProject
Project("{9A19103F-16F7-4668-BE54-9A1E7A4F7556}") = "BlogDemo.Infrastructure", "BlogDemo.Infrastructure\BlogDemo.Infrastructure.csproj", "{57F48151-4AC3-47A5-AB1D-7A1967BB15B4}"
EndProject
Project("{9A19103F-16F7-4668-BE54-9A1E7A4F7556}") = "BlogIdp", "BlogIdp\BlogIdp.csproj", "{6C240AA3-1993-4E4D-BE1D-989281FF1C70}"
EndProject
Project("{9A19103F-16F7-4668-BE54-9A1E7A4F7556}") = "MvcClient", "MvcClient\MvcClient.csproj", "{A26DB7CF-1FEB-44F9-BC00-CB59CD57551F}"
EndProject
Global
	GlobalSection(SolutionConfigurationPlatforms) = preSolution
		Debug|Any CPU = Debug|Any CPU
		Release|Any CPU = Release|Any CPU
	EndGlobalSection
	GlobalSection(ProjectConfigurationPlatforms) = postSolution
		{39331CDD-05E9-4ECD-B4BC-CA3B11772ABA}.Debug|Any CPU.ActiveCfg = Debug|Any CPU
		{39331CDD-05E9-4ECD-B4BC-CA3B11772ABA}.Debug|Any CPU.Build.0 = Debug|Any CPU
		{39331CDD-05E9-4ECD-B4BC-CA3B11772ABA}.Release|Any CPU.ActiveCfg = Release|Any CPU
		{39331CDD-05E9-4ECD-B4BC-CA3B11772ABA}.Release|Any CPU.Build.0 = Release|Any CPU
		{82E75881-4387-4626-977C-1569CFD0ECCB}.Debug|Any CPU.ActiveCfg = Debug|Any CPU
		{82E75881-4387-4626-977C-1569CFD0ECCB}.Debug|Any CPU.Build.0 = Debug|Any CPU
		{82E75881-4387-4626-977C-1569CFD0ECCB}.Release|Any CPU.ActiveCfg = Release|Any CPU
		{82E75881-4387-4626-977C-1569CFD0ECCB}.Release|Any CPU.Build.0 = Release|Any CPU
		{57F48151-4AC3-47A5-AB1D-7A1967BB15B4}.Debug|Any CPU.ActiveCfg = Debug|Any CPU
		{57F48151-4AC3-47A5-AB1D-7A1967BB15B4}.Debug|Any CPU.Build.0 = Debug|Any CPU
		{57F48151-4AC3-47A5-AB1D-7A1967BB15B4}.Release|Any CPU.ActiveCfg = Release|Any CPU
		{57F48151-4AC3-47A5-AB1D-7A1967BB15B4}.Release|Any CPU.Build.0 = Release|Any CPU
		{6C240AA3-1993-4E4D-BE1D-989281FF1C70}.Debug|Any CPU.ActiveCfg = Debug|Any CPU
		{6C240AA3-1993-4E4D-BE1D-989281FF1C70}.Debug|Any CPU.Build.0 = Debug|Any CPU
		{6C240AA3-1993-4E4D-BE1D-989281FF1C70}.Release|Any CPU.ActiveCfg = Release|Any CPU
		{6C240AA3-1993-4E4D-BE1D-989281FF1C70}.Release|Any CPU.Build.0 = Release|Any CPU
		{A26DB7CF-1FEB-44F9-BC00-CB59CD57551F}.Debug|Any CPU.ActiveCfg = Debug|Any CPU
		{A26DB7CF-1FEB-44F9-BC00-CB59CD57551F}.Debug|Any CPU.Build.0 = Debug|Any CPU
		{A26DB7CF-1FEB-44F9-BC00-CB59CD57551F}.Release|Any CPU.ActiveCfg = Release|Any CPU
		{A26DB7CF-1FEB-44F9-BC00-CB59CD57551F}.Release|Any CPU.Build.0 = Release|Any CPU
	EndGlobalSection
	GlobalSection(SolutionProperties) = preSolution
		HideSolutionNode = FALSE
	EndGlobalSection
	GlobalSection(ExtensibilityGlobals) = postSolution
		SolutionGuid = {0CC6CFCC-FB7E-4DD5-97E6-E51A64552E51}
	EndGlobalSection
EndGlobal
